// !$*UTF8*$!
{
	archiveVersion = 1;
	classes = {
	};
	objectVersion = 50;
	objects = {

/* Begin PBXBuildFile section */
		4E16A92F22527AE3007996FC /* AppDelegate.swift in Sources */ = {isa = PBXBuildFile; fileRef = 4E16A92E22527AE3007996FC /* AppDelegate.swift */; };
		4E16A93122527AE3007996FC /* WeatherViewController.swift in Sources */ = {isa = PBXBuildFile; fileRef = 4E16A93022527AE3007996FC /* WeatherViewController.swift */; };
		4E16A93422527AE3007996FC /* Main.storyboard in Resources */ = {isa = PBXBuildFile; fileRef = 4E16A93222527AE3007996FC /* Main.storyboard */; };
		4E16A93622527AE5007996FC /* Assets.xcassets in Resources */ = {isa = PBXBuildFile; fileRef = 4E16A93522527AE5007996FC /* Assets.xcassets */; };
		4E16A93922527AE5007996FC /* LaunchScreen.storyboard in Resources */ = {isa = PBXBuildFile; fileRef = 4E16A93722527AE5007996FC /* LaunchScreen.storyboard */; };
		4E16A94122527B2B007996FC /* WeatherData.swift in Sources */ = {isa = PBXBuildFile; fileRef = 4E16A94022527B2B007996FC /* WeatherData.swift */; };
		4EF55DB222528126005F0C32 /* Images.xcassets in Resources */ = {isa = PBXBuildFile; fileRef = 4EF55DB122528126005F0C32 /* Images.xcassets */; };
		4EF55DB42252816F005F0C32 /* ChangeCity.swift in Sources */ = {isa = PBXBuildFile; fileRef = 4EF55DB32252816F005F0C32 /* ChangeCity.swift */; };
		74E4024124B64FC23B355F6A /* Pods_MWeather.framework in Frameworks */ = {isa = PBXBuildFile; fileRef = ECF8D51F696C46CEA5EAD83E /* Pods_MWeather.framework */; };
/* End PBXBuildFile section */

/* Begin PBXFileReference section */
		3E10AB4C573EFC82A0E88BE7 /* Pods-MWeather.debug.xcconfig */ = {isa = PBXFileReference; includeInIndex = 1; lastKnownFileType = text.xcconfig; name = "Pods-MWeather.debug.xcconfig"; path = "Target Support Files/Pods-MWeather/Pods-MWeather.debug.xcconfig"; sourceTree = "<group>"; };
		3FDD723E419FDEA4F97099C3 /* Pods-MWeather.release.xcconfig */ = {isa = PBXFileReference; includeInIndex = 1; lastKnownFileType = text.xcconfig; name = "Pods-MWeather.release.xcconfig"; path = "Target Support Files/Pods-MWeather/Pods-MWeather.release.xcconfig"; sourceTree = "<group>"; };
		4E16A92B22527AE3007996FC /* MWeather.app */ = {isa = PBXFileReference; explicitFileType = wrapper.application; includeInIndex = 0; path = MWeather.app; sourceTree = BUILT_PRODUCTS_DIR; };
		4E16A92E22527AE3007996FC /* AppDelegate.swift */ = {isa = PBXFileReference; lastKnownFileType = sourcecode.swift; path = AppDelegate.swift; sourceTree = "<group>"; };
		4E16A93022527AE3007996FC /* WeatherViewController.swift */ = {isa = PBXFileReference; lastKnownFileType = sourcecode.swift; path = WeatherViewController.swift; sourceTree = "<group>"; };
		4E16A93322527AE3007996FC /* Base */ = {isa = PBXFileReference; lastKnownFileType = file.storyboard; name = Base; path = Base.lproj/Main.storyboard; sourceTree = "<group>"; };
		4E16A93522527AE5007996FC /* Assets.xcassets */ = {isa = PBXFileReference; lastKnownFileType = folder.assetcatalog; path = Assets.xcassets; sourceTree = "<group>"; };
		4E16A93822527AE5007996FC /* Base */ = {isa = PBXFileReference; lastKnownFileType = file.storyboard; name = Base; path = Base.lproj/LaunchScreen.storyboard; sourceTree = "<group>"; };
		4E16A93A22527AE5007996FC /* Info.plist */ = {isa = PBXFileReference; lastKnownFileType = text.plist.xml; path = Info.plist; sourceTree = "<group>"; };
		4E16A94022527B2B007996FC /* WeatherData.swift */ = {isa = PBXFileReference; lastKnownFileType = sourcecode.swift; path = WeatherData.swift; sourceTree = "<group>"; };
		4EF55DB122528126005F0C32 /* Images.xcassets */ = {isa = PBXFileReference; lastKnownFileType = folder.assetcatalog; path = Images.xcassets; sourceTree = "<group>"; };
		4EF55DB32252816F005F0C32 /* ChangeCity.swift */ = {isa = PBXFileReference; lastKnownFileType = sourcecode.swift; path = ChangeCity.swift; sourceTree = "<group>"; };
		ECF8D51F696C46CEA5EAD83E /* Pods_MWeather.framework */ = {isa = PBXFileReference; explicitFileType = wrapper.framework; includeInIndex = 0; path = Pods_MWeather.framework; sourceTree = BUILT_PRODUCTS_DIR; };
/* End PBXFileReference section */

/* Begin PBXFrameworksBuildPhase section */
		4E16A92822527AE3007996FC /* Frameworks */ = {
			isa = PBXFrameworksBuildPhase;
			buildActionMask = 2147483647;
			files = (
				74E4024124B64FC23B355F6A /* Pods_MWeather.framework in Frameworks */,
			);
			runOnlyForDeploymentPostprocessing = 0;
		};
/* End PBXFrameworksBuildPhase section */

/* Begin PBXGroup section */
		4E16A92222527AE3007996FC = {
			isa = PBXGroup;
			children = (
				4E16A92D22527AE3007996FC /* MWeather */,
				4E16A92C22527AE3007996FC /* Products */,
				586BEDC1001F5B7A01CDECD0 /* Pods */,
				D0BA6C43E2E7B394477B159B /* Frameworks */,
			);
			sourceTree = "<group>";
		};
		4E16A92C22527AE3007996FC /* Products */ = {
			isa = PBXGroup;
			children = (
				4E16A92B22527AE3007996FC /* MWeather.app */,
			);
			name = Products;
			sourceTree = "<group>";
		};
		4E16A92D22527AE3007996FC /* MWeather */ = {
			isa = PBXGroup;
			children = (
				4E16A92E22527AE3007996FC /* AppDelegate.swift */,
				4E16A94022527B2B007996FC /* WeatherData.swift */,
				4E16A93222527AE3007996FC /* Main.storyboard */,
				4E16A93022527AE3007996FC /* WeatherViewController.swift */,
				4EF55DB32252816F005F0C32 /* ChangeCity.swift */,
				4E16A93522527AE5007996FC /* Assets.xcassets */,
				4EF55DB122528126005F0C32 /* Images.xcassets */,
				4E16A93722527AE5007996FC /* LaunchScreen.storyboard */,
				4E16A93A22527AE5007996FC /* Info.plist */,
			);
			path = MWeather;
			sourceTree = "<group>";
		};
		586BEDC1001F5B7A01CDECD0 /* Pods */ = {
			isa = PBXGroup;
			children = (
				3E10AB4C573EFC82A0E88BE7 /* Pods-MWeather.debug.xcconfig */,
				3FDD723E419FDEA4F97099C3 /* Pods-MWeather.release.xcconfig */,
			);
			path = Pods;
			sourceTree = "<group>";
		};
		D0BA6C43E2E7B394477B159B /* Frameworks */ = {
			isa = PBXGroup;
			children = (
				ECF8D51F696C46CEA5EAD83E /* Pods_MWeather.framework */,
			);
			name = Frameworks;
			sourceTree = "<group>";
		};
/* End PBXGroup section */

/* Begin PBXNativeTarget section */
		4E16A92A22527AE3007996FC /* MWeather */ = {
			isa = PBXNativeTarget;
			buildConfigurationList = 4E16A93D22527AE5007996FC /* Build configuration list for PBXNativeTarget "MWeather" */;
			buildPhases = (
				99F20ED46C603BADCBD21128 /* [CP] Check Pods Manifest.lock */,
				4E16A92722527AE3007996FC /* Sources */,
				4E16A92822527AE3007996FC /* Frameworks */,
				4E16A92922527AE3007996FC /* Resources */,
				99600A7DACA0996953F88BDE /* [CP] Embed Pods Frameworks */,
			);
			buildRules = (
			);
			dependencies = (
			);
			name = MWeather;
			productName = MWeather;
			productReference = 4E16A92B22527AE3007996FC /* MWeather.app */;
			productType = "com.apple.product-type.application";
		};
/* End PBXNativeTarget section */

/* Begin PBXProject section */
		4E16A92322527AE3007996FC /* Project object */ = {
			isa = PBXProject;
			attributes = {
				LastSwiftUpdateCheck = 1020;
				LastUpgradeCheck = 1020;
				ORGANIZATIONNAME = "Andrei Giuglea";
				TargetAttributes = {
					4E16A92A22527AE3007996FC = {
						CreatedOnToolsVersion = 10.2;
						SystemCapabilities = {
							com.apple.BackgroundModes = {
								enabled = 1;
							};
						};
					};
				};
			};
			buildConfigurationList = 4E16A92622527AE3007996FC /* Build configuration list for PBXProject "MWeather" */;
			compatibilityVersion = "Xcode 9.3";
			developmentRegion = en;
			hasScannedForEncodings = 0;
			knownRegions = (
				en,
				Base,
			);
			mainGroup = 4E16A92222527AE3007996FC;
			productRefGroup = 4E16A92C22527AE3007996FC /* Products */;
			projectDirPath = "";
			projectRoot = "";
			targets = (
				4E16A92A22527AE3007996FC /* MWeather */,
			);
		};
/* End PBXProject section */

/* Begin PBXResourcesBuildPhase section */
		4E16A92922527AE3007996FC /* Resources */ = {
			isa = PBXResourcesBuildPhase;
			buildActionMask = 2147483647;
			files = (
				4E16A93922527AE5007996FC /* LaunchScreen.storyboard in Resources */,
				4EF55DB222528126005F0C32 /* Images.xcassets in Resources */,
				4E16A93622527AE5007996FC /* Assets.xcassets in Resources */,
				4E16A93422527AE3007996FC /* Main.storyboard in Resources */,
			);
			runOnlyForDeploymentPostprocessing = 0;
		};
/* End PBXResourcesBuildPhase section */

/* Begin PBXShellScriptBuildPhase section */
		99600A7DACA0996953F88BDE /* [CP] Embed Pods Frameworks */ = {
			isa = PBXShellScriptBuildPhase;
			buildActionMask = 2147483647;
			files = (
			);
			inputFileListPaths = (
			);
			inputPaths = (
				"${PODS_ROOT}/Target Support Files/Pods-MWeather/Pods-MWeather-frameworks.sh",
				"${BUILT_PRODUCTS_DIR}/Alamofire/Alamofire.framework",
				"${BUILT_PRODUCTS_DIR}/SVProgressHUD/SVProgressHUD.framework",
				"${BUILT_PRODUCTS_DIR}/SwiftyJSON/SwiftyJSON.framework",
			);
			name = "[CP] Embed Pods Frameworks";
			outputFileListPaths = (
			);
			outputPaths = (
				"${TARGET_BUILD_DIR}/${FRAMEWORKS_FOLDER_PATH}/Alamofire.framework",
				"${TARGET_BUILD_DIR}/${FRAMEWORKS_FOLDER_PATH}/SVProgressHUD.framework",
				"${TARGET_BUILD_DIR}/${FRAMEWORKS_FOLDER_PATH}/SwiftyJSON.framework",
			);
			runOnlyForDeploymentPostprocessing = 0;
			shellPath = /bin/sh;
			shellScript = "\"${PODS_ROOT}/Target Support Files/Pods-MWeather/Pods-MWeather-frameworks.sh\"\n";
			showEnvVarsInLog = 0;
		};
		99F20ED46C603BADCBD21128 /* [CP] Check Pods Manifest.lock */ = {
			isa = PBXShellScriptBuildPhase;
			buildActionMask = 2147483647;
			files = (
			);
			inputFileListPaths = (
			);
			inputPaths = (
				"${PODS_PODFILE_DIR_PATH}/Podfile.lock",
				"${PODS_ROOT}/Manifest.lock",
			);
			name = "[CP] Check Pods Manifest.lock";
			outputFileListPaths = (
			);
			outputPaths = (
				"$(DERIVED_FILE_DIR)/Pods-MWeather-checkManifestLockResult.txt",
			);
			runOnlyForDeploymentPostprocessing = 0;
			shellPath = /bin/sh;
			shellScript = "diff \"${PODS_PODFILE_DIR_PATH}/Podfile.lock\" \"${PODS_ROOT}/Manifest.lock\" > /dev/null\nif [ $? != 0 ] ; then\n    # print error to STDERR\n    echo \"error: The sandbox is not in sync with the Podfile.lock. Run 'pod install' or update your CocoaPods installation.\" >&2\n    exit 1\nfi\n# This output is used by Xcode 'outputs' to avoid re-running this script phase.\necho \"SUCCESS\" > \"${SCRIPT_OUTPUT_FILE_0}\"\n";
			showEnvVarsInLog = 0;
		};
/* End PBXShellScriptBuildPhase section */

/* Begin PBXSourcesBuildPhase section */
		4E16A92722527AE3007996FC /* Sources */ = {
			isa = PBXSourcesBuildPhase;
			buildActionMask = 2147483647;
			files = (
				4E16A93122527AE3007996FC /* WeatherViewController.swift in Sources */,
				4E16A94122527B2B007996FC /* WeatherData.swift in Sources */,
				4EF55DB42252816F005F0C32 /* ChangeCity.swift in Sources */,
				4E16A92F22527AE3007996FC /* AppDelegate.swift in Sources */,
			);
			runOnlyForDeploymentPostprocessing = 0;
		};
/* End PBXSourcesBuildPhase section */

/* Begin PBXVariantGroup section */
		4E16A93222527AE3007996FC /* Main.storyboard */ = {
			isa = PBXVariantGroup;
			children = (
				4E16A93322527AE3007996FC /* Base */,
			);
			name = Main.storyboard;
			sourceTree = "<group>";
		};
		4E16A93722527AE5007996FC /* LaunchScreen.storyboard */ = {
			isa = PBXVariantGroup;
			children = (
				4E16A93822527AE5007996FC /* Base */,
			);
			name = LaunchScreen.storyboard;
			sourceTree = "<group>";
		};
/* End PBXVariantGroup section */

/* Begin XCBuildConfiguration section */
		4E16A93B22527AE5007996FC /* Debug */ = {
			isa = XCBuildConfiguration;
			buildSettings = {
				ALWAYS_SEARCH_USER_PATHS = NO;
				CLANG_ANALYZER_NONNULL = YES;
				CLANG_ANALYZER_NUMBER_OBJECT_CONVERSION = YES_AGGRESSIVE;
				CLANG_CXX_LANGUAGE_STANDARD = "gnu++14";
				CLANG_CXX_LIBRARY = "libc++";
				CLANG_ENABLE_MODULES = YES;
				CLANG_ENABLE_OBJC_ARC = YES;
				CLANG_ENABLE_OBJC_WEAK = YES;
				CLANG_WARN_BLOCK_CAPTURE_AUTORELEASING = YES;
				CLANG_WARN_BOOL_CONVERSION = YES;
				CLANG_WARN_COMMA = YES;
				CLANG_WARN_CONSTANT_CONVERSION = YES;
				CLANG_WARN_DEPRECATED_OBJC_IMPLEMENTATIONS = YES;
				CLANG_WARN_DIRECT_OBJC_ISA_USAGE = YES_ERROR;
				CLANG_WARN_DOCUMENTATION_COMMENTS = YES;
				CLANG_WARN_EMPTY_BODY = YES;
				CLANG_WARN_ENUM_CONVERSION = YES;
				CLANG_WARN_INFINITE_RECURSION = YES;
				CLANG_WARN_INT_CONVERSION = YES;
				CLANG_WARN_NON_LITERAL_NULL_CONVERSION = YES;
				CLANG_WARN_OBJC_IMPLICIT_RETAIN_SELF = YES;
				CLANG_WARN_OBJC_LITERAL_CONVERSION = YES;
				CLANG_WARN_OBJC_ROOT_CLASS = YES_ERROR;
				CLANG_WARN_RANGE_LOOP_ANALYSIS = YES;
				CLANG_WARN_STRICT_PROTOTYPES = YES;
				CLANG_WARN_SUSPICIOUS_MOVE = YES;
				CLANG_WARN_UNGUARDED_AVAILABILITY = YES_AGGRESSIVE;
				CLANG_WARN_UNREACHABLE_CODE = YES;
				CLANG_WARN__DUPLICATE_METHOD_MATCH = YES;
				CODE_SIGN_IDENTITY = "iPhone Developer";
				COPY_PHASE_STRIP = NO;
				DEBUG_INFORMATION_FORMAT = dwarf;
				ENABLE_STRICT_OBJC_MSGSEND = YES;
				ENABLE_TESTABILITY = YES;
				GCC_C_LANGUAGE_STANDARD = gnu11;
				GCC_DYNAMIC_NO_PIC = NO;
				GCC_NO_COMMON_BLOCKS = YES;
				GCC_OPTIMIZATION_LEVEL = 0;
				GCC_PREPROCESSOR_DEFINITIONS = (
					"DEBUG=1",
					"$(inherited)",
				);
				GCC_WARN_64_TO_32_BIT_CONVERSION = YES;
				GCC_WARN_ABOUT_RETURN_TYPE = YES_ERROR;
				GCC_WARN_UNDECLARED_SELECTOR = YES;
				GCC_WARN_UNINITIALIZED_AUTOS = YES_AGGRESSIVE;
				GCC_WARN_UNUSED_FUNCTION = YES;
				GCC_WARN_UNUSED_VARIABLE = YES;
				IPHONEOS_DEPLOYMENT_TARGET = 12.2;
				MTL_ENABLE_DEBUG_INFO = INCLUDE_SOURCE;
				MTL_FAST_MATH = YES;
				ONLY_ACTIVE_ARCH = YES;
				SDKROOT = iphoneos;
				SWIFT_ACTIVE_COMPILATION_CONDITIONS = DEBUG;
				SWIFT_OPTIMIZATION_LEVEL = "-Onone";
			};
			name = Debug;
		};
		4E16A93C22527AE5007996FC /* Release */ = {
			isa = XCBuildConfiguration;
			buildSettings = {
				ALWAYS_SEARCH_USER_PATHS = NO;
				CLANG_ANALYZER_NONNULL = YES;
				CLANG_ANALYZER_NUMBER_OBJECT_CONVERSION = YES_AGGRESSIVE;
				CLANG_CXX_LANGUAGE_STANDARD = "gnu++14";
				CLANG_CXX_LIBRARY = "libc++";
				CLANG_ENABLE_MODULES = YES;
				CLANG_ENABLE_OBJC_ARC = YES;
				CLANG_ENABLE_OBJC_WEAK = YES;
				CLANG_WARN_BLOCK_CAPTURE_AUTORELEASING = YES;
				CLANG_WARN_BOOL_CONVERSION = YES;
				CLANG_WARN_COMMA = YES;
				CLANG_WARN_CONSTANT_CONVERSION = YES;
				CLANG_WARN_DEPRECATED_OBJC_IMPLEMENTATIONS = YES;
				CLANG_WARN_DIRECT_OBJC_ISA_USAGE = YES_ERROR;
				CLANG_WARN_DOCUMENTATION_COMMENTS = YES;
				CLANG_WARN_EMPTY_BODY = YES;
				CLANG_WARN_ENUM_CONVERSION = YES;
				CLANG_WARN_INFINITE_RECURSION = YES;
				CLANG_WARN_INT_CONVERSION = YES;
				CLANG_WARN_NON_LITERAL_NULL_CONVERSION = YES;
				CLANG_WARN_OBJC_IMPLICIT_RETAIN_SELF = YES;
				CLANG_WARN_OBJC_LITERAL_CONVERSION = YES;
				CLANG_WARN_OBJC_ROOT_CLASS = YES_ERROR;
				CLANG_WARN_RANGE_LOOP_ANALYSIS = YES;
				CLANG_WARN_STRICT_PROTOTYPES = YES;
				CLANG_WARN_SUSPICIOUS_MOVE = YES;
				CLANG_WARN_UNGUARDED_AVAILABILITY = YES_AGGRESSIVE;
				CLANG_WARN_UNREACHABLE_CODE = YES;
				CLANG_WARN__DUPLICATE_METHOD_MATCH = YES;
				CODE_SIGN_IDENTITY = "iPhone Developer";
				COPY_PHASE_STRIP = NO;
				DEBUG_INFORMATION_FORMAT = "dwarf-with-dsym";
				ENABLE_NS_ASSERTIONS = NO;
				ENABLE_STRICT_OBJC_MSGSEND = YES;
				GCC_C_LANGUAGE_STANDARD = gnu11;
				GCC_NO_COMMON_BLOCKS = YES;
				GCC_WARN_64_TO_32_BIT_CONVERSION = YES;
				GCC_WARN_ABOUT_RETURN_TYPE = YES_ERROR;
				GCC_WARN_UNDECLARED_SELECTOR = YES;
				GCC_WARN_UNINITIALIZED_AUTOS = YES_AGGRESSIVE;
				GCC_WARN_UNUSED_FUNCTION = YES;
				GCC_WARN_UNUSED_VARIABLE = YES;
				IPHONEOS_DEPLOYMENT_TARGET = 12.2;
				MTL_ENABLE_DEBUG_INFO = NO;
				MTL_FAST_MATH = YES;
				SDKROOT = iphoneos;
				SWIFT_COMPILATION_MODE = wholemodule;
				SWIFT_OPTIMIZATION_LEVEL = "-O";
				VALIDATE_PRODUCT = YES;
			};
			name = Release;
		};
		4E16A93E22527AE5007996FC /* Debug */ = {
			isa = XCBuildConfiguration;
			baseConfigurationReference = 3E10AB4C573EFC82A0E88BE7 /* Pods-MWeather.debug.xcconfig */;
			buildSettings = {
				ASSETCATALOG_COMPILER_APPICON_NAME = AppIcon;
				CODE_SIGN_STYLE = Automatic;
				DEVELOPMENT_TEAM = WTRUY352TA;
				INFOPLIST_FILE = MWeather/Info.plist;
				LD_RUNPATH_SEARCH_PATHS = (
					"$(inherited)",
					"@executable_path/Frameworks",
				);
				PRODUCT_BUNDLE_IDENTIFIER = com.Giuglea.MWeather;
				PRODUCT_NAME = "$(TARGET_NAME)";
				SWIFT_VERSION = 5.0;
				TARGETED_DEVICE_FAMILY = "1,2";
			};
			name = Debug;
		};
		4E16A93F22527AE5007996FC /* Release */ = {
			isa = XCBuildConfiguration;
			baseConfigurationReference = 3FDD723E419FDEA4F97099C3 /* Pods-MWeather.release.xcconfig */;
			buildSettings = {
				ASSETCATALOG_COMPILER_APPICON_NAME = AppIcon;
				CODE_SIGN_STYLE = Automatic;
				DEVELOPMENT_TEAM = WTRUY352TA;
				INFOPLIST_FILE = MWeather/Info.plist;
				LD_RUNPATH_SEARCH_PATHS = (
					"$(inherited)",
					"@executable_path/Frameworks",
				);
				PRODUCT_BUNDLE_IDENTIFIER = com.Giuglea.MWeather;
				PRODUCT_NAME = "$(TARGET_NAME)";
				SWIFT_VERSION = 5.0;
				TARGETED_DEVICE_FAMILY = "1,2";
			};
			name = Release;
		};
/* End XCBuildConfiguration section */

/* Begin XCConfigurationList section */
		4E16A92622527AE3007996FC /* Build configuration list for PBXProject "MWeather" */ = {
			isa = XCConfigurationList;
			buildConfigurations = (
				4E16A93B22527AE5007996FC /* Debug */,
				4E16A93C22527AE5007996FC /* Release */,
			);
			defaultConfigurationIsVisible = 0;
			defaultConfigurationName = Release;
		};
		4E16A93D22527AE5007996FC /* Build configuration list for PBXNativeTarget "MWeather" */ = {
			isa = XCConfigurationList;
			buildConfigurations = (
				4E16A93E22527AE5007996FC /* Debug */,
				4E16A93F22527AE5007996FC /* Release */,
			);
			defaultConfigurationIsVisible = 0;
			defaultConfigurationName = Release;
		};
/* End XCConfigurationList section */
	};
	rootObject = 4E16A92322527AE3007996FC /* Project object */;
}
